
Microsoft Visual Studio Solution File, Format Version 12.00
# Visual Studio 2013
VisualStudioVersion = 12.0.21005.1
MinimumVisualStudioVersion = 10.0.40219.1
Project("{FAE04EC0-301F-11D3-BF4B-00C04F79EFBC}") = "Hobbit", "Hobbit\Hobbit.csproj", "{F26534E9-A9DF-4966-A987-B495F987293A}"
EndProject
Project("{FAE04EC0-301F-11D3-BF4B-00C04F79EFBC}") = "ConsoleVisualaiser", "ConsoleVisualaiser\ConsoleVisualaiser.csproj", "{BD59A887-C0E3-45A2-A356-497C3246423A}"
EndProject
Project("{FAE04EC0-301F-11D3-BF4B-00C04F79EFBC}") = "HobbitAI", "HobbitAI\HobbitAI.csproj", "{5CAB5624-CEB2-43B7-8DEC-696CB748F471}"
EndProject
Project("{FAE04EC0-301F-11D3-BF4B-00C04F79EFBC}") = "Server", "Server\Server.csproj", "{2C8964F2-CFD1-469A-92ED-5B0FE0372D21}"
EndProject
Project("{FAE04EC0-301F-11D3-BF4B-00C04F79EFBC}") = "HelperLibrary", "HelperLibrary\HelperLibrary.csproj", "{22B2F956-FB2A-47C9-BA9A-0E6CB43D7E66}"
EndProject
Global
	GlobalSection(SolutionConfigurationPlatforms) = preSolution
		Debug|Any CPU = Debug|Any CPU
		Release|Any CPU = Release|Any CPU
	EndGlobalSection
	GlobalSection(ProjectConfigurationPlatforms) = postSolution
		{F26534E9-A9DF-4966-A987-B495F987293A}.Debug|Any CPU.ActiveCfg = Debug|Any CPU
		{F26534E9-A9DF-4966-A987-B495F987293A}.Debug|Any CPU.Build.0 = Debug|Any CPU
		{F26534E9-A9DF-4966-A987-B495F987293A}.Release|Any CPU.ActiveCfg = Release|Any CPU
		{F26534E9-A9DF-4966-A987-B495F987293A}.Release|Any CPU.Build.0 = Release|Any CPU
		{BD59A887-C0E3-45A2-A356-497C3246423A}.Debug|Any CPU.ActiveCfg = Debug|Any CPU
		{BD59A887-C0E3-45A2-A356-497C3246423A}.Debug|Any CPU.Build.0 = Debug|Any CPU
		{BD59A887-C0E3-45A2-A356-497C3246423A}.Release|Any CPU.ActiveCfg = Release|Any CPU
		{BD59A887-C0E3-45A2-A356-497C3246423A}.Release|Any CPU.Build.0 = Release|Any CPU
		{5CAB5624-CEB2-43B7-8DEC-696CB748F471}.Debug|Any CPU.ActiveCfg = Debug|Any CPU
		{5CAB5624-CEB2-43B7-8DEC-696CB748F471}.Debug|Any CPU.Build.0 = Debug|Any CPU
		{5CAB5624-CEB2-43B7-8DEC-696CB748F471}.Release|Any CPU.ActiveCfg = Release|Any CPU
		{5CAB5624-CEB2-43B7-8DEC-696CB748F471}.Release|Any CPU.Build.0 = Release|Any CPU
		{2C8964F2-CFD1-469A-92ED-5B0FE0372D21}.Debug|Any CPU.ActiveCfg = Debug|Any CPU
		{2C8964F2-CFD1-469A-92ED-5B0FE0372D21}.Debug|Any CPU.Build.0 = Debug|Any CPU
		{2C8964F2-CFD1-469A-92ED-5B0FE0372D21}.Release|Any CPU.ActiveCfg = Release|Any CPU
		{2C8964F2-CFD1-469A-92ED-5B0FE0372D21}.Release|Any CPU.Build.0 = Release|Any CPU
		{22B2F956-FB2A-47C9-BA9A-0E6CB43D7E66}.Debug|Any CPU.ActiveCfg = Debug|Any CPU
		{22B2F956-FB2A-47C9-BA9A-0E6CB43D7E66}.Debug|Any CPU.Build.0 = Debug|Any CPU
		{22B2F956-FB2A-47C9-BA9A-0E6CB43D7E66}.Release|Any CPU.ActiveCfg = Release|Any CPU
		{22B2F956-FB2A-47C9-BA9A-0E6CB43D7E66}.Release|Any CPU.Build.0 = Release|Any CPU
	EndGlobalSection
	GlobalSection(SolutionProperties) = preSolution
		HideSolutionNode = FALSE
	EndGlobalSection
EndGlobal
